
Microsoft Visual Studio Solution File, Format Version 12.00
# Visual Studio Version 17
VisualStudioVersion = 17.9.34622.214
MinimumVisualStudioVersion = 10.0.40219.1
Project("{FAE04EC0-301F-11D3-BF4B-00C04F79EFBC}") = "Task", "Task.csproj", "{63D830F8-2851-47B5-A7EB-A3018129D3A6}"
EndProject
Global
	GlobalSection(SolutionConfigurationPlatforms) = preSolution
		Debug|Any CPU = Debug|Any CPU
		Release|Any CPU = Release|Any CPU
	EndGlobalSection
	GlobalSection(ProjectConfigurationPlatforms) = postSolution
		{63D830F8-2851-47B5-A7EB-A3018129D3A6}.Debug|Any CPU.ActiveCfg = Debug|Any CPU
		{63D830F8-2851-47B5-A7EB-A3018129D3A6}.Debug|Any CPU.Build.0 = Debug|Any CPU
		{63D830F8-2851-47B5-A7EB-A3018129D3A6}.Release|Any CPU.ActiveCfg = Release|Any CPU
		{63D830F8-2851-47B5-A7EB-A3018129D3A6}.Release|Any CPU.Build.0 = Release|Any CPU
	EndGlobalSection
	GlobalSection(SolutionProperties) = preSolution
		HideSolutionNode = FALSE
	EndGlobalSection
	GlobalSection(ExtensibilityGlobals) = postSolution
		SolutionGuid = {14D1C9B2-2793-4EB8-8D3D-FC49C207C71F}
	EndGlobalSection
EndGlobal
